<?xml version="1.0" encoding="UTF-8" standalone="yes" ?>
<CodeBlocks_project_file>
	<FileVersion major="1" minor="6" />
	<Project>
		<Option title="JBCipher3" />
		<Option pch_mode="2" />
		<Option compiler="gcc" />
		<Build>
			<Target title="Debug">
				<Option output="bin/Debug/JBCipher2" prefix_auto="1" extension_auto="1" />
				<Option object_output="obj/Debug/" />
				<Option type="1" />
				<Option compiler="gcc" />
				<Compiler>
					<Add option="-Weffc++" />
					<Add option="-std=c++11" />
					<Add option="-Wextra" />
					<Add option="-Wall" />
					<Add option="-g" />
					<Add option="-D_DEBUG" />
					<Add directory="include" />
				</Compiler>
			</Target>
			<Target title="Release">
				<Option output="bin/Release/JBCipher2" prefix_auto="1" extension_auto="1" />
				<Option object_output="obj/Release/" />
				<Option type="1" />
				<Option compiler="gcc" />
				<Compiler>
					<Add option="-O2" />
					<Add option="-std=c++11" />
					<Add directory="include" />
				</Compiler>
				<Linker>
					<Add option="-s" />
				</Linker>
			</Target>
		</Build>
		<Compiler>
			<Add option="-Wall" />
			<Add option="-fexceptions" />
		</Compiler>
		<Unit filename="include/Arc4JB.h" />
		<Unit filename="include/BitMovers.h" />
		<Unit filename="include/BlockDescrambler.h" />
		<Unit filename="include/BlockInput.h" />
		<Unit filename="include/BlockOutput.h" />
		<Unit filename="include/BlockScrambler.h" />
		<Unit filename="include/BlockThroughput.h" />
		<Unit filename="include/FileEncryptor.h" />
		<Unit filename="include/IRandomSource.h" />
		<Unit filename="include/JBCipher2.h" />
		<Unit filename="main.cpp" />
		<Unit filename="src/Arc4JB.cpp" />
		<Unit filename="src/BlockDescrambler.cpp" />
		<Unit filename="src/BlockInput.cpp" />
		<Unit filename="src/BlockOutput.cpp" />
		<Unit filename="src/BlockScrambler.cpp" />
		<Unit filename="src/BlockThroughput.cpp" />
		<Unit filename="src/FileEncryptor.cpp" />
		<Unit filename="src/IRandomSource.cpp" />
		<Extensions />
	</Project>
</CodeBlocks_project_file>
